PODS:
  - BaiduMapKit (5.4.0)
  - BMKLocationKit (1.8.5)
  - Flutter (1.0.0)
  - flutter_bmfbase (0.0.1):
    - BaiduMapKit (= 5.4.0)
    - Flutter
  - flutter_bmflocation (1.0.3):
    - BMKLocationKit
    - Flutter
  - image_picker (0.0.1):
    - Flutter
  - package_info (0.0.1):
    - Flutter
  - path_provider (0.0.1):
    - Flutter
  - "permission_handler (5.0.1+1)":
    - Flutter
  - shared_preferences (0.0.1):
    - Flutter
  - simple_image_crop (0.0.1):
    - Flutter

DEPENDENCIES:
  - Flutter (from `Flutter`)
  - flutter_bmfbase (from `.symlinks/plugins/flutter_bmfbase/ios`)
  - flutter_bmflocation (from `.symlinks/plugins/flutter_bmflocation/ios`)
  - image_picker (from `.symlinks/plugins/image_picker/ios`)
  - package_info (from `.symlinks/plugins/package_info/ios`)
  - path_provider (from `.symlinks/plugins/path_provider/ios`)
  - permission_handler (from `.symlinks/plugins/permission_handler/ios`)
  - shared_preferences (from `.symlinks/plugins/shared_preferences/ios`)
  - simple_image_crop (from `.symlinks/plugins/simple_image_crop/ios`)

SPEC REPOS:
  trunk:
    - BaiduMapKit
    - BMKLocationKit

EXTERNAL SOURCES:
  Flutter:
    :path: Flutter
  flutter_bmfbase:
    :path: ".symlinks/plugins/flutter_bmfbase/ios"
  flutter_bmflocation:
    :path: ".symlinks/plugins/flutter_bmflocation/ios"
  image_picker:
    :path: ".symlinks/plugins/image_picker/ios"
  package_info:
    :path: ".symlinks/plugins/package_info/ios"
  path_provider:
    :path: ".symlinks/plugins/path_provider/ios"
  permission_handler:
    :path: ".symlinks/plugins/permission_handler/ios"
  shared_preferences:
    :path: ".symlinks/plugins/shared_preferences/ios"
  simple_image_crop:
    :path: ".symlinks/plugins/simple_image_crop/ios"

SPEC CHECKSUMS:
  BaiduMapKit: 40a4382633859bd569d40da9f9a2e98a277dd28b
  BMKLocationKit: fd3d6b4a9a3a1a2763819f56b780bda5fc5b8726
  Flutter: 0e3d915762c693b495b44d77113d4970485de6ec
  flutter_bmfbase: 8ac2c94f3f110daec8e499dc13f8a983b0c8ee40
  flutter_bmflocation: 463f4a20ad1c0ba984f853901eeabc553cc3ffc0
  image_picker: 9c3312491f862b28d21ecd8fdf0ee14e601b3f09
  package_info: 873975fc26034f0b863a300ad47e7f1ac6c7ec62
  path_provider: abfe2b5c733d04e238b0d8691db0cfd63a27a93c
  permission_handler: eac8e15b4a1a3fba55b761d19f3f4e6b005d15b6
  shared_preferences: af6bfa751691cdc24be3045c43ec037377ada40d
  simple_image_crop: 7bc768de8b5fa16adafb0c96557bba83ec6f734e

PODFILE CHECKSUM: c7066c19cbd6db6fcfde07d7056ae8b3d8871e59

COCOAPODS: 1.9.1
